// !$*UTF8*$!
{
	archiveVersion = 1;
	classes = {
	};
	objectVersion = 50;
	objects = {

/* Begin PBXBuildFile section */
		692DDC5124B1A84300A081CD /* AppDelegate.swift in Sources */ = {isa = PBXBuildFile; fileRef = 692DDC5024B1A84300A081CD /* AppDelegate.swift */; };
		692DDC5324B1A84300A081CD /* SceneDelegate.swift in Sources */ = {isa = PBXBuildFile; fileRef = 692DDC5224B1A84300A081CD /* SceneDelegate.swift */; };
		692DDC5524B1A84300A081CD /* ViewController.swift in Sources */ = {isa = PBXBuildFile; fileRef = 692DDC5424B1A84300A081CD /* ViewController.swift */; };
		692DDC5824B1A84300A081CD /* Main.storyboard in Resources */ = {isa = PBXBuildFile; fileRef = 692DDC5624B1A84300A081CD /* Main.storyboard */; };
		692DDC5A24B1A84700A081CD /* Assets.xcassets in Resources */ = {isa = PBXBuildFile; fileRef = 692DDC5924B1A84700A081CD /* Assets.xcassets */; };
		692DDC5D24B1A84700A081CD /* LaunchScreen.storyboard in Resources */ = {isa = PBXBuildFile; fileRef = 692DDC5B24B1A84700A081CD /* LaunchScreen.storyboard */; };
/* End PBXBuildFile section */

/* Begin PBXFileReference section */
		692DDC4D24B1A84300A081CD /* RateMyJoke.app */ = {isa = PBXFileReference; explicitFileType = wrapper.application; includeInIndex = 0; path = RateMyJoke.app; sourceTree = BUILT_PRODUCTS_DIR; };
		692DDC5024B1A84300A081CD /* AppDelegate.swift */ = {isa = PBXFileReference; lastKnownFileType = sourcecode.swift; path = AppDelegate.swift; sourceTree = "<group>"; };
		692DDC5224B1A84300A081CD /* SceneDelegate.swift */ = {isa = PBXFileReference; lastKnownFileType = sourcecode.swift; path = SceneDelegate.swift; sourceTree = "<group>"; };
		692DDC5424B1A84300A081CD /* ViewController.swift */ = {isa = PBXFileReference; lastKnownFileType = sourcecode.swift; path = ViewController.swift; sourceTree = "<group>"; };
		692DDC5724B1A84300A081CD /* Base */ = {isa = PBXFileReference; lastKnownFileType = file.storyboard; name = Base; path = Base.lproj/Main.storyboard; sourceTree = "<group>"; };
		692DDC5924B1A84700A081CD /* Assets.xcassets */ = {isa = PBXFileReference; lastKnownFileType = folder.assetcatalog; path = Assets.xcassets; sourceTree = "<group>"; };
		692DDC5C24B1A84700A081CD /* Base */ = {isa = PBXFileReference; lastKnownFileType = file.storyboard; name = Base; path = Base.lproj/LaunchScreen.storyboard; sourceTree = "<group>"; };
		692DDC5E24B1A84700A081CD /* Info.plist */ = {isa = PBXFileReference; lastKnownFileType = text.plist.xml; path = Info.plist; sourceTree = "<group>"; };
/* End PBXFileReference section */

/* Begin PBXFrameworksBuildPhase section */
		692DDC4A24B1A84300A081CD /* Frameworks */ = {
			isa = PBXFrameworksBuildPhase;
			buildActionMask = 2147483647;
			files = (
			);
			runOnlyForDeploymentPostprocessing = 0;
		};
/* End PBXFrameworksBuildPhase section */

/* Begin PBXGroup section */
		692DDC4424B1A84300A081CD = {
			isa = PBXGroup;
			children = (
				692DDC4F24B1A84300A081CD /* RateMyJoke */,
				692DDC4E24B1A84300A081CD /* Products */,
			);
			sourceTree = "<group>";
		};
		692DDC4E24B1A84300A081CD /* Products */ = {
			isa = PBXGroup;
			children = (
				692DDC4D24B1A84300A081CD /* RateMyJoke.app */,
			);
			name = Products;
			sourceTree = "<group>";
		};
		692DDC4F24B1A84300A081CD /* RateMyJoke */ = {
			isa = PBXGroup;
			children = (
				692DDC5024B1A84300A081CD /* AppDelegate.swift */,
				692DDC5224B1A84300A081CD /* SceneDelegate.swift */,
				692DDC5424B1A84300A081CD /* ViewController.swift */,
				692DDC5624B1A84300A081CD /* Main.storyboard */,
				692DDC5924B1A84700A081CD /* Assets.xcassets */,
				692DDC5B24B1A84700A081CD /* LaunchScreen.storyboard */,
				692DDC5E24B1A84700A081CD /* Info.plist */,
			);
			path = RateMyJoke;
			sourceTree = "<group>";
		};
/* End PBXGroup section */

/* Begin PBXNativeTarget section */
		692DDC4C24B1A84300A081CD /* RateMyJoke */ = {
			isa = PBXNativeTarget;
			buildConfigurationList = 692DDC6124B1A84700A081CD /* Build configuration list for PBXNativeTarget "RateMyJoke" */;
			buildPhases = (
				692DDC4924B1A84300A081CD /* Sources */,
				692DDC4A24B1A84300A081CD /* Frameworks */,
				692DDC4B24B1A84300A081CD /* Resources */,
			);
			buildRules = (
			);
			dependencies = (
			);
			name = RateMyJoke;
			productName = RateMyJoke;
			productReference = 692DDC4D24B1A84300A081CD /* RateMyJoke.app */;
			productType = "com.apple.product-type.application";
		};
/* End PBXNativeTarget section */

/* Begin PBXProject section */
		692DDC4524B1A84300A081CD /* Project object */ = {
			isa = PBXProject;
			attributes = {
				LastSwiftUpdateCheck = 1140;
				LastUpgradeCheck = 1140;
				ORGANIZATIONNAME = "Michelle Lau";
				TargetAttributes = {
					692DDC4C24B1A84300A081CD = {
						CreatedOnToolsVersion = 11.4;
					};
				};
			};
			buildConfigurationList = 692DDC4824B1A84300A081CD /* Build configuration list for PBXProject "RateMyJoke" */;
			compatibilityVersion = "Xcode 9.3";
			developmentRegion = en;
			hasScannedForEncodings = 0;
			knownRegions = (
				en,
				Base,
			);
			mainGroup = 692DDC4424B1A84300A081CD;
			productRefGroup = 692DDC4E24B1A84300A081CD /* Products */;
			projectDirPath = "";
			projectRoot = "";
			targets = (
				692DDC4C24B1A84300A081CD /* RateMyJoke */,
			);
		};
/* End PBXProject section */

/* Begin PBXResourcesBuildPhase section */
		692DDC4B24B1A84300A081CD /* Resources */ = {
			isa = PBXResourcesBuildPhase;
			buildActionMask = 2147483647;
			files = (
				692DDC5D24B1A84700A081CD /* LaunchScreen.storyboard in Resources */,
				692DDC5A24B1A84700A081CD /* Assets.xcassets in Resources */,
				692DDC5824B1A84300A081CD /* Main.storyboard in Resources */,
			);
			runOnlyForDeploymentPostprocessing = 0;
		};
/* End PBXResourcesBuildPhase section */

/* Begin PBXSourcesBuildPhase section */
		692DDC4924B1A84300A081CD /* Sources */ = {
			isa = PBXSourcesBuildPhase;
			buildActionMask = 2147483647;
			files = (
				692DDC5524B1A84300A081CD /* ViewController.swift in Sources */,
				692DDC5124B1A84300A081CD /* AppDelegate.swift in Sources */,
				692DDC5324B1A84300A081CD /* SceneDelegate.swift in Sources */,
			);
			runOnlyForDeploymentPostprocessing = 0;
		};
/* End PBXSourcesBuildPhase section */

/* Begin PBXVariantGroup section */
		692DDC5624B1A84300A081CD /* Main.storyboard */ = {
			isa = PBXVariantGroup;
			children = (
				692DDC5724B1A84300A081CD /* Base */,
			);
			name = Main.storyboard;
			sourceTree = "<group>";
		};
		692DDC5B24B1A84700A081CD /* LaunchScreen.storyboard */ = {
			isa = PBXVariantGroup;
			children = (
				692DDC5C24B1A84700A081CD /* Base */,
			);
			name = LaunchScreen.storyboard;
			sourceTree = "<group>";
		};
/* End PBXVariantGroup section */

/* Begin XCBuildConfiguration section */
		692DDC5F24B1A84700A081CD /* Debug */ = {
			isa = XCBuildConfiguration;
			buildSettings = {
				ALWAYS_SEARCH_USER_PATHS = NO;
				CLANG_ANALYZER_NONNULL = YES;
				CLANG_ANALYZER_NUMBER_OBJECT_CONVERSION = YES_AGGRESSIVE;
				CLANG_CXX_LANGUAGE_STANDARD = "gnu++14";
				CLANG_CXX_LIBRARY = "libc++";
				CLANG_ENABLE_MODULES = YES;
				CLANG_ENABLE_OBJC_ARC = YES;
				CLANG_ENABLE_OBJC_WEAK = YES;
				CLANG_WARN_BLOCK_CAPTURE_AUTORELEASING = YES;
				CLANG_WARN_BOOL_CONVERSION = YES;
				CLANG_WARN_COMMA = YES;
				CLANG_WARN_CONSTANT_CONVERSION = YES;
				CLANG_WARN_DEPRECATED_OBJC_IMPLEMENTATIONS = YES;
				CLANG_WARN_DIRECT_OBJC_ISA_USAGE = YES_ERROR;
				CLANG_WARN_DOCUMENTATION_COMMENTS = YES;
				CLANG_WARN_EMPTY_BODY = YES;
				CLANG_WARN_ENUM_CONVERSION = YES;
				CLANG_WARN_INFINITE_RECURSION = YES;
				CLANG_WARN_INT_CONVERSION = YES;
				CLANG_WARN_NON_LITERAL_NULL_CONVERSION = YES;
				CLANG_WARN_OBJC_IMPLICIT_RETAIN_SELF = YES;
				CLANG_WARN_OBJC_LITERAL_CONVERSION = YES;
				CLANG_WARN_OBJC_ROOT_CLASS = YES_ERROR;
				CLANG_WARN_RANGE_LOOP_ANALYSIS = YES;
				CLANG_WARN_STRICT_PROTOTYPES = YES;
				CLANG_WARN_SUSPICIOUS_MOVE = YES;
				CLANG_WARN_UNGUARDED_AVAILABILITY = YES_AGGRESSIVE;
				CLANG_WARN_UNREACHABLE_CODE = YES;
				CLANG_WARN__DUPLICATE_METHOD_MATCH = YES;
				COPY_PHASE_STRIP = NO;
				DEBUG_INFORMATION_FORMAT = dwarf;
				ENABLE_STRICT_OBJC_MSGSEND = YES;
				ENABLE_TESTABILITY = YES;
				GCC_C_LANGUAGE_STANDARD = gnu11;
				GCC_DYNAMIC_NO_PIC = NO;
				GCC_NO_COMMON_BLOCKS = YES;
				GCC_OPTIMIZATION_LEVEL = 0;
				GCC_PREPROCESSOR_DEFINITIONS = (
					"DEBUG=1",
					"$(inherited)",
				);
				GCC_WARN_64_TO_32_BIT_CONVERSION = YES;
				GCC_WARN_ABOUT_RETURN_TYPE = YES_ERROR;
				GCC_WARN_UNDECLARED_SELECTOR = YES;
				GCC_WARN_UNINITIALIZED_AUTOS = YES_AGGRESSIVE;
				GCC_WARN_UNUSED_FUNCTION = YES;
				GCC_WARN_UNUSED_VARIABLE = YES;
				IPHONEOS_DEPLOYMENT_TARGET = 13.4;
				MTL_ENABLE_DEBUG_INFO = INCLUDE_SOURCE;
				MTL_FAST_MATH = YES;
				ONLY_ACTIVE_ARCH = YES;
				SDKROOT = iphoneos;
				SWIFT_ACTIVE_COMPILATION_CONDITIONS = DEBUG;
				SWIFT_OPTIMIZATION_LEVEL = "-Onone";
			};
			name = Debug;
		};
		692DDC6024B1A84700A081CD /* Release */ = {
			isa = XCBuildConfiguration;
			buildSettings = {
				ALWAYS_SEARCH_USER_PATHS = NO;
				CLANG_ANALYZER_NONNULL = YES;
				CLANG_ANALYZER_NUMBER_OBJECT_CONVERSION = YES_AGGRESSIVE;
				CLANG_CXX_LANGUAGE_STANDARD = "gnu++14";
				CLANG_CXX_LIBRARY = "libc++";
				CLANG_ENABLE_MODULES = YES;
				CLANG_ENABLE_OBJC_ARC = YES;
				CLANG_ENABLE_OBJC_WEAK = YES;
				CLANG_WARN_BLOCK_CAPTURE_AUTORELEASING = YES;
				CLANG_WARN_BOOL_CONVERSION = YES;
				CLANG_WARN_COMMA = YES;
				CLANG_WARN_CONSTANT_CONVERSION = YES;
				CLANG_WARN_DEPRECATED_OBJC_IMPLEMENTATIONS = YES;
				CLANG_WARN_DIRECT_OBJC_ISA_USAGE = YES_ERROR;
				CLANG_WARN_DOCUMENTATION_COMMENTS = YES;
				CLANG_WARN_EMPTY_BODY = YES;
				CLANG_WARN_ENUM_CONVERSION = YES;
				CLANG_WARN_INFINITE_RECURSION = YES;
				CLANG_WARN_INT_CONVERSION = YES;
				CLANG_WARN_NON_LITERAL_NULL_CONVERSION = YES;
				CLANG_WARN_OBJC_IMPLICIT_RETAIN_SELF = YES;
				CLANG_WARN_OBJC_LITERAL_CONVERSION = YES;
				CLANG_WARN_OBJC_ROOT_CLASS = YES_ERROR;
				CLANG_WARN_RANGE_LOOP_ANALYSIS = YES;
				CLANG_WARN_STRICT_PROTOTYPES = YES;
				CLANG_WARN_SUSPICIOUS_MOVE = YES;
				CLANG_WARN_UNGUARDED_AVAILABILITY = YES_AGGRESSIVE;
				CLANG_WARN_UNREACHABLE_CODE = YES;
				CLANG_WARN__DUPLICATE_METHOD_MATCH = YES;
				COPY_PHASE_STRIP = NO;
				DEBUG_INFORMATION_FORMAT = "dwarf-with-dsym";
				ENABLE_NS_ASSERTIONS = NO;
				ENABLE_STRICT_OBJC_MSGSEND = YES;
				GCC_C_LANGUAGE_STANDARD = gnu11;
				GCC_NO_COMMON_BLOCKS = YES;
				GCC_WARN_64_TO_32_BIT_CONVERSION = YES;
				GCC_WARN_ABOUT_RETURN_TYPE = YES_ERROR;
				GCC_WARN_UNDECLARED_SELECTOR = YES;
				GCC_WARN_UNINITIALIZED_AUTOS = YES_AGGRESSIVE;
				GCC_WARN_UNUSED_FUNCTION = YES;
				GCC_WARN_UNUSED_VARIABLE = YES;
				IPHONEOS_DEPLOYMENT_TARGET = 13.4;
				MTL_ENABLE_DEBUG_INFO = NO;
				MTL_FAST_MATH = YES;
				SDKROOT = iphoneos;
				SWIFT_COMPILATION_MODE = wholemodule;
				SWIFT_OPTIMIZATION_LEVEL = "-O";
				VALIDATE_PRODUCT = YES;
			};
			name = Release;
		};
		692DDC6224B1A84700A081CD /* Debug */ = {
			isa = XCBuildConfiguration;
			buildSettings = {
				ASSETCATALOG_COMPILER_APPICON_NAME = AppIcon;
				CODE_SIGN_STYLE = Automatic;
				INFOPLIST_FILE = RateMyJoke/Info.plist;
				LD_RUNPATH_SEARCH_PATHS = (
					"$(inherited)",
					"@executable_path/Frameworks",
				);
				PRODUCT_BUNDLE_IDENTIFIER = com.MichelleLau.RateMyJoke;
				PRODUCT_NAME = "$(TARGET_NAME)";
				SWIFT_VERSION = 5.0;
				TARGETED_DEVICE_FAMILY = "1,2";
			};
			name = Debug;
		};
		692DDC6324B1A84700A081CD /* Release */ = {
			isa = XCBuildConfiguration;
			buildSettings = {
				ASSETCATALOG_COMPILER_APPICON_NAME = AppIcon;
				CODE_SIGN_STYLE = Automatic;
				INFOPLIST_FILE = RateMyJoke/Info.plist;
				LD_RUNPATH_SEARCH_PATHS = (
					"$(inherited)",
					"@executable_path/Frameworks",
				);
				PRODUCT_BUNDLE_IDENTIFIER = com.MichelleLau.RateMyJoke;
				PRODUCT_NAME = "$(TARGET_NAME)";
				SWIFT_VERSION = 5.0;
				TARGETED_DEVICE_FAMILY = "1,2";
			};
			name = Release;
		};
/* End XCBuildConfiguration section */

/* Begin XCConfigurationList section */
		692DDC4824B1A84300A081CD /* Build configuration list for PBXProject "RateMyJoke" */ = {
			isa = XCConfigurationList;
			buildConfigurations = (
				692DDC5F24B1A84700A081CD /* Debug */,
				692DDC6024B1A84700A081CD /* Release */,
			);
			defaultConfigurationIsVisible = 0;
			defaultConfigurationName = Release;
		};
		692DDC6124B1A84700A081CD /* Build configuration list for PBXNativeTarget "RateMyJoke" */ = {
			isa = XCConfigurationList;
			buildConfigurations = (
				692DDC6224B1A84700A081CD /* Debug */,
				692DDC6324B1A84700A081CD /* Release */,
			);
			defaultConfigurationIsVisible = 0;
			defaultConfigurationName = Release;
		};
/* End XCConfigurationList section */
	};
	rootObject = 692DDC4524B1A84300A081CD /* Project object */;
}
